{
  "name": "har-to-slo",
  "version": "0.0.1",
  "lockfileVersion": 3,
  "requires": true,
  "packages": {
    "": {
      "name": "har-to-slo",
      "version": "0.0.1",
      "license": "MIT",
      "bin": {
        "har-to-slo": "src/cli.js"
      },
      "engines": {
        "node": ">=20"
      },
      "peerDependencies": {
        "@anthropic-ai/sdk": ">=0.20.0"
      },
      "peerDependenciesMeta": {
        "@anthropic-ai/sdk": {
          "optional": true
        }
      }
    }
  }
}
